{
  "requires": true,
  "lockfileVersion": 1,
  "dependencies": {
    "ngx-show-hide-password": {
      "version": "2.1.0",
      "resolved": "https://registry.npmjs.org/ngx-show-hide-password/-/ngx-show-hide-password-2.1.0.tgz",
      "integrity": "sha512-KURfRHY4An+/O89wQDSTG5/nwPkAWPZgDwk5R77CC/k22WiVSbAbFGBS57zNu/l1wQmBUuydYjJBLO9tJL0FpA==",
      "requires": {
        "tslib": "^1.9.0"
      }
    },
    "tslib": {
      "version": "1.10.0",
      "resolved": "https://registry.npmjs.org/tslib/-/tslib-1.10.0.tgz",
      "integrity": "sha512-qOebF53frne81cf0S9B41ByenJ3/IuH8yJKngAX35CmiZySA0khhkovshKK+jGCaMnVomla7gVlIcc3EvKPbTQ=="
    }
  }
}
